PODS:
  - Capacitor (5.7.7):
    - CapacitorCordova
  - CapacitorApp (5.0.8):
    - Capacitor
  - CapacitorCordova (5.7.7)
  - CapacitorHaptics (5.0.8):
    - Capacitor
  - CapacitorKeyboard (5.0.9):
    - Capacitor
  - CapacitorMeili (0.0.6):
    - Capacitor
    - MeiliSDK
  - CapacitorStatusBar (5.0.8):
    - Capacitor
  - MeiliSDK (1.0.50)

DEPENDENCIES:
  - "Capacitor (from `../../node_modules/@capacitor/ios`)"
  - "CapacitorApp (from `../../node_modules/@capacitor/app`)"
  - "CapacitorCordova (from `../../node_modules/@capacitor/ios`)"
  - "CapacitorHaptics (from `../../node_modules/@capacitor/haptics`)"
  - "CapacitorKeyboard (from `../../node_modules/@capacitor/keyboard`)"
  - CapacitorMeili (from `../../node_modules/capacitor-meili`)
  - "CapacitorStatusBar (from `../../node_modules/@capacitor/status-bar`)"

SPEC REPOS:
  https://github.com/meili-travel-tech/meili-ios-pods.git:
    - MeiliSDK

EXTERNAL SOURCES:
  Capacitor:
    :path: "../../node_modules/@capacitor/ios"
  CapacitorApp:
    :path: "../../node_modules/@capacitor/app"
  CapacitorCordova:
    :path: "../../node_modules/@capacitor/ios"
  CapacitorHaptics:
    :path: "../../node_modules/@capacitor/haptics"
  CapacitorKeyboard:
    :path: "../../node_modules/@capacitor/keyboard"
  CapacitorMeili:
    :path: "../../node_modules/capacitor-meili"
  CapacitorStatusBar:
    :path: "../../node_modules/@capacitor/status-bar"

SPEC CHECKSUMS:
  Capacitor: 0039e9b67cfde2d5e9111b3ddca8c0097f4cf2f4
  CapacitorApp: 102e553c3b1fdc255969c39aa19b529675690ef4
  CapacitorCordova: d906edead798c9bb1b07274f15615878d27507d5
  CapacitorHaptics: f59c880aa8fad7f47bb54b48d6f2d6b26279602a
  CapacitorKeyboard: f2e78b60a5cb981b4ea9e511e80693ca355169bb
  CapacitorMeili: 9addeb6916bff527e9a81b5a1f1c6becdeaf74ef
  CapacitorStatusBar: 51af549cfcf35aac3ab072b062967ae5971ee485
  MeiliSDK: caa5a105247833d7f15daee4409d7cac72435287

PODFILE CHECKSUM: 30604980349df92243b428ddf8e5eb3265d3f01b

COCOAPODS: 1.15.2
